
Microsoft Visual Studio Solution File, Format Version 12.00
# Visual Studio Version 17
VisualStudioVersion = 17.0.31903.59
MinimumVisualStudioVersion = 10.0.40219.1
Project("{2150E333-8FDC-42A3-9474-1A3956D46DE8}") = "src", "src", "{827E0CD3-B72D-47B6-A68D-7590B98EB39B}"
EndProject
Project("{FAE04EC0-301F-11D3-BF4B-00C04F79EFBC}") = "TravelRepo.Cli", "src\TravelRepo.Cli\TravelRepo.Cli.csproj", "{B3A1955A-9757-489C-9431-7B6E2B599558}"
EndProject
Project("{FAE04EC0-301F-11D3-BF4B-00C04F79EFBC}") = "TravelRepo.Git", "src\TravelRepo.Git\TravelRepo.Git.csproj", "{23CB3C7D-6307-4404-8809-D6036BBD7EE1}"
EndProject
Project("{FAE04EC0-301F-11D3-BF4B-00C04F79EFBC}") = "TravelRepo.Repository", "src\TravelRepo.Repository\TravelRepo.Repository.csproj", "{D0C59495-B441-4947-9BB7-BB1B8C055AC8}"
EndProject
Project("{FAE04EC0-301F-11D3-BF4B-00C04F79EFBC}") = "TravelRepo.Core", "src\TravelRepo.Core\TravelRepo.Core.csproj", "{9F3FA958-4932-4C52-8C50-ECA8062591BD}"
EndProject
Project("{FAE04EC0-301F-11D3-BF4B-00C04F79EFBC}") = "TravelRepo.Serialization", "src\TravelRepo.Serialization\TravelRepo.Serialization.csproj", "{60B2D6FE-CB50-442A-987B-CDD30432EB63}"
EndProject
Project("{FAE04EC0-301F-11D3-BF4B-00C04F79EFBC}") = "TravelRepo.Merge", "src\TravelRepo.Merge\TravelRepo.Merge.csproj", "{DE55E619-8E41-4E09-A7A6-E91CA8B5CCFE}"
EndProject
Project("{FAE04EC0-301F-11D3-BF4B-00C04F79EFBC}") = "TravelRepo.Providers.GitHub", "src\TravelRepo.Providers.GitHub\TravelRepo.Providers.GitHub.csproj", "{850629C6-4C90-4279-ACCE-5EF8EB2670E5}"
EndProject
Project("{FAE04EC0-301F-11D3-BF4B-00C04F79EFBC}") = "TravelRepo.Providers.Abstractions", "src\TravelRepo.Providers.Abstractions\TravelRepo.Providers.Abstractions.csproj", "{3EE3EDEB-622C-4DEB-982A-CBEBB728BA65}"
EndProject
Project("{FAE04EC0-301F-11D3-BF4B-00C04F79EFBC}") = "TravelRepo.Plugins.Abstractions", "src\TravelRepo.Plugins.Abstractions\TravelRepo.Plugins.Abstractions.csproj", "{5E9B3550-FDAE-4E78-8EFF-1C1F8FDF508D}"
EndProject
Project("{2150E333-8FDC-42A3-9474-1A3956D46DE8}") = "tests", "tests", "{0AB3BF05-4346-4AA6-1389-037BE0695223}"
EndProject
Project("{FAE04EC0-301F-11D3-BF4B-00C04F79EFBC}") = "TravelRepo.Tests", "tests\TravelRepo.Tests\TravelRepo.Tests.csproj", "{7984B99B-012D-426E-8A5A-B66109AE675E}"
EndProject
Global
	GlobalSection(SolutionConfigurationPlatforms) = preSolution
		Debug|Any CPU = Debug|Any CPU
		Debug|x64 = Debug|x64
		Debug|x86 = Debug|x86
		Release|Any CPU = Release|Any CPU
		Release|x64 = Release|x64
		Release|x86 = Release|x86
	EndGlobalSection
	GlobalSection(ProjectConfigurationPlatforms) = postSolution
		{B3A1955A-9757-489C-9431-7B6E2B599558}.Debug|Any CPU.ActiveCfg = Debug|Any CPU
		{B3A1955A-9757-489C-9431-7B6E2B599558}.Debug|Any CPU.Build.0 = Debug|Any CPU
		{B3A1955A-9757-489C-9431-7B6E2B599558}.Debug|x64.ActiveCfg = Debug|Any CPU
		{B3A1955A-9757-489C-9431-7B6E2B599558}.Debug|x64.Build.0 = Debug|Any CPU
		{B3A1955A-9757-489C-9431-7B6E2B599558}.Debug|x86.ActiveCfg = Debug|Any CPU
		{B3A1955A-9757-489C-9431-7B6E2B599558}.Debug|x86.Build.0 = Debug|Any CPU
		{B3A1955A-9757-489C-9431-7B6E2B599558}.Release|Any CPU.ActiveCfg = Release|Any CPU
		{B3A1955A-9757-489C-9431-7B6E2B599558}.Release|Any CPU.Build.0 = Release|Any CPU
		{B3A1955A-9757-489C-9431-7B6E2B599558}.Release|x64.ActiveCfg = Release|Any CPU
		{B3A1955A-9757-489C-9431-7B6E2B599558}.Release|x64.Build.0 = Release|Any CPU
		{B3A1955A-9757-489C-9431-7B6E2B599558}.Release|x86.ActiveCfg = Release|Any CPU
		{B3A1955A-9757-489C-9431-7B6E2B599558}.Release|x86.Build.0 = Release|Any CPU
		{23CB3C7D-6307-4404-8809-D6036BBD7EE1}.Debug|Any CPU.ActiveCfg = Debug|Any CPU
		{23CB3C7D-6307-4404-8809-D6036BBD7EE1}.Debug|Any CPU.Build.0 = Debug|Any CPU
		{23CB3C7D-6307-4404-8809-D6036BBD7EE1}.Debug|x64.ActiveCfg = Debug|Any CPU
		{23CB3C7D-6307-4404-8809-D6036BBD7EE1}.Debug|x64.Build.0 = Debug|Any CPU
		{23CB3C7D-6307-4404-8809-D6036BBD7EE1}.Debug|x86.ActiveCfg = Debug|Any CPU
		{23CB3C7D-6307-4404-8809-D6036BBD7EE1}.Debug|x86.Build.0 = Debug|Any CPU
		{23CB3C7D-6307-4404-8809-D6036BBD7EE1}.Release|Any CPU.ActiveCfg = Release|Any CPU
		{23CB3C7D-6307-4404-8809-D6036BBD7EE1}.Release|Any CPU.Build.0 = Release|Any CPU
		{23CB3C7D-6307-4404-8809-D6036BBD7EE1}.Release|x64.ActiveCfg = Release|Any CPU
		{23CB3C7D-6307-4404-8809-D6036BBD7EE1}.Release|x64.Build.0 = Release|Any CPU
		{23CB3C7D-6307-4404-8809-D6036BBD7EE1}.Release|x86.ActiveCfg = Release|Any CPU
		{23CB3C7D-6307-4404-8809-D6036BBD7EE1}.Release|x86.Build.0 = Release|Any CPU
		{D0C59495-B441-4947-9BB7-BB1B8C055AC8}.Debug|Any CPU.ActiveCfg = Debug|Any CPU
		{D0C59495-B441-4947-9BB7-BB1B8C055AC8}.Debug|Any CPU.Build.0 = Debug|Any CPU
		{D0C59495-B441-4947-9BB7-BB1B8C055AC8}.Debug|x64.ActiveCfg = Debug|Any CPU
		{D0C59495-B441-4947-9BB7-BB1B8C055AC8}.Debug|x64.Build.0 = Debug|Any CPU
		{D0C59495-B441-4947-9BB7-BB1B8C055AC8}.Debug|x86.ActiveCfg = Debug|Any CPU
		{D0C59495-B441-4947-9BB7-BB1B8C055AC8}.Debug|x86.Build.0 = Debug|Any CPU
		{D0C59495-B441-4947-9BB7-BB1B8C055AC8}.Release|Any CPU.ActiveCfg = Release|Any CPU
		{D0C59495-B441-4947-9BB7-BB1B8C055AC8}.Release|Any CPU.Build.0 = Release|Any CPU
		{D0C59495-B441-4947-9BB7-BB1B8C055AC8}.Release|x64.ActiveCfg = Release|Any CPU
		{D0C59495-B441-4947-9BB7-BB1B8C055AC8}.Release|x64.Build.0 = Release|Any CPU
		{D0C59495-B441-4947-9BB7-BB1B8C055AC8}.Release|x86.ActiveCfg = Release|Any CPU
		{D0C59495-B441-4947-9BB7-BB1B8C055AC8}.Release|x86.Build.0 = Release|Any CPU
		{9F3FA958-4932-4C52-8C50-ECA8062591BD}.Debug|Any CPU.ActiveCfg = Debug|Any CPU
		{9F3FA958-4932-4C52-8C50-ECA8062591BD}.Debug|Any CPU.Build.0 = Debug|Any CPU
		{9F3FA958-4932-4C52-8C50-ECA8062591BD}.Debug|x64.ActiveCfg = Debug|Any CPU
		{9F3FA958-4932-4C52-8C50-ECA8062591BD}.Debug|x64.Build.0 = Debug|Any CPU
		{9F3FA958-4932-4C52-8C50-ECA8062591BD}.Debug|x86.ActiveCfg = Debug|Any CPU
		{9F3FA958-4932-4C52-8C50-ECA8062591BD}.Debug|x86.Build.0 = Debug|Any CPU
		{9F3FA958-4932-4C52-8C50-ECA8062591BD}.Release|Any CPU.ActiveCfg = Release|Any CPU
		{9F3FA958-4932-4C52-8C50-ECA8062591BD}.Release|Any CPU.Build.0 = Release|Any CPU
		{9F3FA958-4932-4C52-8C50-ECA8062591BD}.Release|x64.ActiveCfg = Release|Any CPU
		{9F3FA958-4932-4C52-8C50-ECA8062591BD}.Release|x64.Build.0 = Release|Any CPU
		{9F3FA958-4932-4C52-8C50-ECA8062591BD}.Release|x86.ActiveCfg = Release|Any CPU
		{9F3FA958-4932-4C52-8C50-ECA8062591BD}.Release|x86.Build.0 = Release|Any CPU
		{60B2D6FE-CB50-442A-987B-CDD30432EB63}.Debug|Any CPU.ActiveCfg = Debug|Any CPU
		{60B2D6FE-CB50-442A-987B-CDD30432EB63}.Debug|Any CPU.Build.0 = Debug|Any CPU
		{60B2D6FE-CB50-442A-987B-CDD30432EB63}.Debug|x64.ActiveCfg = Debug|Any CPU
		{60B2D6FE-CB50-442A-987B-CDD30432EB63}.Debug|x64.Build.0 = Debug|Any CPU
		{60B2D6FE-CB50-442A-987B-CDD30432EB63}.Debug|x86.ActiveCfg = Debug|Any CPU
		{60B2D6FE-CB50-442A-987B-CDD30432EB63}.Debug|x86.Build.0 = Debug|Any CPU
		{60B2D6FE-CB50-442A-987B-CDD30432EB63}.Release|Any CPU.ActiveCfg = Release|Any CPU
		{60B2D6FE-CB50-442A-987B-CDD30432EB63}.Release|Any CPU.Build.0 = Release|Any CPU
		{60B2D6FE-CB50-442A-987B-CDD30432EB63}.Release|x64.ActiveCfg = Release|Any CPU
		{60B2D6FE-CB50-442A-987B-CDD30432EB63}.Release|x64.Build.0 = Release|Any CPU
		{60B2D6FE-CB50-442A-987B-CDD30432EB63}.Release|x86.ActiveCfg = Release|Any CPU
		{60B2D6FE-CB50-442A-987B-CDD30432EB63}.Release|x86.Build.0 = Release|Any CPU
		{DE55E619-8E41-4E09-A7A6-E91CA8B5CCFE}.Debug|Any CPU.ActiveCfg = Debug|Any CPU
		{DE55E619-8E41-4E09-A7A6-E91CA8B5CCFE}.Debug|Any CPU.Build.0 = Debug|Any CPU
		{DE55E619-8E41-4E09-A7A6-E91CA8B5CCFE}.Debug|x64.ActiveCfg = Debug|Any CPU
		{DE55E619-8E41-4E09-A7A6-E91CA8B5CCFE}.Debug|x64.Build.0 = Debug|Any CPU
		{DE55E619-8E41-4E09-A7A6-E91CA8B5CCFE}.Debug|x86.ActiveCfg = Debug|Any CPU
		{DE55E619-8E41-4E09-A7A6-E91CA8B5CCFE}.Debug|x86.Build.0 = Debug|Any CPU
		{DE55E619-8E41-4E09-A7A6-E91CA8B5CCFE}.Release|Any CPU.ActiveCfg = Release|Any CPU
		{DE55E619-8E41-4E09-A7A6-E91CA8B5CCFE}.Release|Any CPU.Build.0 = Release|Any CPU
		{DE55E619-8E41-4E09-A7A6-E91CA8B5CCFE}.Release|x64.ActiveCfg = Release|Any CPU
		{DE55E619-8E41-4E09-A7A6-E91CA8B5CCFE}.Release|x64.Build.0 = Release|Any CPU
		{DE55E619-8E41-4E09-A7A6-E91CA8B5CCFE}.Release|x86.ActiveCfg = Release|Any CPU
		{DE55E619-8E41-4E09-A7A6-E91CA8B5CCFE}.Release|x86.Build.0 = Release|Any CPU
		{850629C6-4C90-4279-ACCE-5EF8EB2670E5}.Debug|Any CPU.ActiveCfg = Debug|Any CPU
		{850629C6-4C90-4279-ACCE-5EF8EB2670E5}.Debug|Any CPU.Build.0 = Debug|Any CPU
		{850629C6-4C90-4279-ACCE-5EF8EB2670E5}.Debug|x64.ActiveCfg = Debug|Any CPU
		{850629C6-4C90-4279-ACCE-5EF8EB2670E5}.Debug|x64.Build.0 = Debug|Any CPU
		{850629C6-4C90-4279-ACCE-5EF8EB2670E5}.Debug|x86.ActiveCfg = Debug|Any CPU
		{850629C6-4C90-4279-ACCE-5EF8EB2670E5}.Debug|x86.Build.0 = Debug|Any CPU
		{850629C6-4C90-4279-ACCE-5EF8EB2670E5}.Release|Any CPU.ActiveCfg = Release|Any CPU
		{850629C6-4C90-4279-ACCE-5EF8EB2670E5}.Release|Any CPU.Build.0 = Release|Any CPU
		{850629C6-4C90-4279-ACCE-5EF8EB2670E5}.Release|x64.ActiveCfg = Release|Any CPU
		{850629C6-4C90-4279-ACCE-5EF8EB2670E5}.Release|x64.Build.0 = Release|Any CPU
		{850629C6-4C90-4279-ACCE-5EF8EB2670E5}.Release|x86.ActiveCfg = Release|Any CPU
		{850629C6-4C90-4279-ACCE-5EF8EB2670E5}.Release|x86.Build.0 = Release|Any CPU
		{3EE3EDEB-622C-4DEB-982A-CBEBB728BA65}.Debug|Any CPU.ActiveCfg = Debug|Any CPU
		{3EE3EDEB-622C-4DEB-982A-CBEBB728BA65}.Debug|Any CPU.Build.0 = Debug|Any CPU
		{3EE3EDEB-622C-4DEB-982A-CBEBB728BA65}.Debug|x64.ActiveCfg = Debug|Any CPU
		{3EE3EDEB-622C-4DEB-982A-CBEBB728BA65}.Debug|x64.Build.0 = Debug|Any CPU
		{3EE3EDEB-622C-4DEB-982A-CBEBB728BA65}.Debug|x86.ActiveCfg = Debug|Any CPU
		{3EE3EDEB-622C-4DEB-982A-CBEBB728BA65}.Debug|x86.Build.0 = Debug|Any CPU
		{3EE3EDEB-622C-4DEB-982A-CBEBB728BA65}.Release|Any CPU.ActiveCfg = Release|Any CPU
		{3EE3EDEB-622C-4DEB-982A-CBEBB728BA65}.Release|Any CPU.Build.0 = Release|Any CPU
		{3EE3EDEB-622C-4DEB-982A-CBEBB728BA65}.Release|x64.ActiveCfg = Release|Any CPU
		{3EE3EDEB-622C-4DEB-982A-CBEBB728BA65}.Release|x64.Build.0 = Release|Any CPU
		{3EE3EDEB-622C-4DEB-982A-CBEBB728BA65}.Release|x86.ActiveCfg = Release|Any CPU
		{3EE3EDEB-622C-4DEB-982A-CBEBB728BA65}.Release|x86.Build.0 = Release|Any CPU
		{5E9B3550-FDAE-4E78-8EFF-1C1F8FDF508D}.Debug|Any CPU.ActiveCfg = Debug|Any CPU
		{5E9B3550-FDAE-4E78-8EFF-1C1F8FDF508D}.Debug|Any CPU.Build.0 = Debug|Any CPU
		{5E9B3550-FDAE-4E78-8EFF-1C1F8FDF508D}.Debug|x64.ActiveCfg = Debug|Any CPU
		{5E9B3550-FDAE-4E78-8EFF-1C1F8FDF508D}.Debug|x64.Build.0 = Debug|Any CPU
		{5E9B3550-FDAE-4E78-8EFF-1C1F8FDF508D}.Debug|x86.ActiveCfg = Debug|Any CPU
		{5E9B3550-FDAE-4E78-8EFF-1C1F8FDF508D}.Debug|x86.Build.0 = Debug|Any CPU
		{5E9B3550-FDAE-4E78-8EFF-1C1F8FDF508D}.Release|Any CPU.ActiveCfg = Release|Any CPU
		{5E9B3550-FDAE-4E78-8EFF-1C1F8FDF508D}.Release|Any CPU.Build.0 = Release|Any CPU
		{5E9B3550-FDAE-4E78-8EFF-1C1F8FDF508D}.Release|x64.ActiveCfg = Release|Any CPU
		{5E9B3550-FDAE-4E78-8EFF-1C1F8FDF508D}.Release|x64.Build.0 = Release|Any CPU
		{5E9B3550-FDAE-4E78-8EFF-1C1F8FDF508D}.Release|x86.ActiveCfg = Release|Any CPU
		{5E9B3550-FDAE-4E78-8EFF-1C1F8FDF508D}.Release|x86.Build.0 = Release|Any CPU
		{7984B99B-012D-426E-8A5A-B66109AE675E}.Debug|Any CPU.ActiveCfg = Debug|Any CPU
		{7984B99B-012D-426E-8A5A-B66109AE675E}.Debug|Any CPU.Build.0 = Debug|Any CPU
		{7984B99B-012D-426E-8A5A-B66109AE675E}.Debug|x64.ActiveCfg = Debug|Any CPU
		{7984B99B-012D-426E-8A5A-B66109AE675E}.Debug|x64.Build.0 = Debug|Any CPU
		{7984B99B-012D-426E-8A5A-B66109AE675E}.Debug|x86.ActiveCfg = Debug|Any CPU
		{7984B99B-012D-426E-8A5A-B66109AE675E}.Debug|x86.Build.0 = Debug|Any CPU
		{7984B99B-012D-426E-8A5A-B66109AE675E}.Release|Any CPU.ActiveCfg = Release|Any CPU
		{7984B99B-012D-426E-8A5A-B66109AE675E}.Release|Any CPU.Build.0 = Release|Any CPU
		{7984B99B-012D-426E-8A5A-B66109AE675E}.Release|x64.ActiveCfg = Release|Any CPU
		{7984B99B-012D-426E-8A5A-B66109AE675E}.Release|x64.Build.0 = Release|Any CPU
		{7984B99B-012D-426E-8A5A-B66109AE675E}.Release|x86.ActiveCfg = Release|Any CPU
		{7984B99B-012D-426E-8A5A-B66109AE675E}.Release|x86.Build.0 = Release|Any CPU
	EndGlobalSection
	GlobalSection(SolutionProperties) = preSolution
		HideSolutionNode = FALSE
	EndGlobalSection
	GlobalSection(NestedProjects) = preSolution
		{B3A1955A-9757-489C-9431-7B6E2B599558} = {827E0CD3-B72D-47B6-A68D-7590B98EB39B}
		{23CB3C7D-6307-4404-8809-D6036BBD7EE1} = {827E0CD3-B72D-47B6-A68D-7590B98EB39B}
		{D0C59495-B441-4947-9BB7-BB1B8C055AC8} = {827E0CD3-B72D-47B6-A68D-7590B98EB39B}
		{9F3FA958-4932-4C52-8C50-ECA8062591BD} = {827E0CD3-B72D-47B6-A68D-7590B98EB39B}
		{60B2D6FE-CB50-442A-987B-CDD30432EB63} = {827E0CD3-B72D-47B6-A68D-7590B98EB39B}
		{DE55E619-8E41-4E09-A7A6-E91CA8B5CCFE} = {827E0CD3-B72D-47B6-A68D-7590B98EB39B}
		{850629C6-4C90-4279-ACCE-5EF8EB2670E5} = {827E0CD3-B72D-47B6-A68D-7590B98EB39B}
		{3EE3EDEB-622C-4DEB-982A-CBEBB728BA65} = {827E0CD3-B72D-47B6-A68D-7590B98EB39B}
		{5E9B3550-FDAE-4E78-8EFF-1C1F8FDF508D} = {827E0CD3-B72D-47B6-A68D-7590B98EB39B}
		{7984B99B-012D-426E-8A5A-B66109AE675E} = {0AB3BF05-4346-4AA6-1389-037BE0695223}
	EndGlobalSection
EndGlobal
