{
  "version": 1,
  "dependencies": {
    "net10.0": {
      "Humanizer.Core": {
        "type": "Transitive",
        "resolved": "2.14.1",
        "contentHash": "lQKvtaTDOXnoVJ20ibTuSIOf2i0uO0MPbDhd1jm238I+U/2ZnRENj0cktKZhtchBMtCUSRQ5v4xBCUbKNmyVMw=="
      },
      "Json.More.Net": {
        "type": "Transitive",
        "resolved": "2.1.1",
        "contentHash": "ZXAKl2VsdnIZeUo1PFII3Oi1m1L4YQjEyDjygHfHln5vgsjgIo749X6xWkv7qFYp8RROES+vOEfDcvvoVgs8kA=="
      },
      "JsonPointer.Net": {
        "type": "Transitive",
        "resolved": "5.3.1",
        "contentHash": "3e2OJjU0OaE26XC/klgxbJuXvteFWTDJIJv0ITYWcJEoskq7jzUwPSC1s0iz4wPPQnfN7vwwFmg2gJfwRAPwgw==",
        "dependencies": {
          "Humanizer.Core": "2.14.1",
          "Json.More.Net": "2.1.1"
        }
      },
      "JsonSchema.Net": {
        "type": "Transitive",
        "resolved": "7.3.4",
        "contentHash": "7GggWrdzKrtGWETRn3dcMnmuLSyWaDkBK94TK80LEHQEVz4bmsQc7FYO7qL40RDdZU2YPz5d98aT9lW5OYExuA==",
        "dependencies": {
          "JsonPointer.Net": "5.3.1"
        }
      },
      "NodaTime": {
        "type": "Transitive",
        "resolved": "3.2.2",
        "contentHash": "dmju5W0UYC3QP/UJM0juKAZkH0HSDMp0gH91A0+mT9M0kgyM2Jm67hUZPl/WRQLq8Lijjqmdk8kyAViWFWM7dA=="
      },
      "YamlDotNet": {
        "type": "Transitive",
        "resolved": "16.3.0",
        "contentHash": "SgMOdxbz8X65z8hraIs6hOEdnkH6hESTAIUa7viEngHOYaH+6q5XJmwr1+yb9vJpNQ19hCQY69xbFsLtXpobQA=="
      },
      "travelrepo.core": {
        "type": "Project",
        "dependencies": {
          "NodaTime": "[3.2.2, )"
        }
      },
      "travelrepo.git": {
        "type": "Project",
        "dependencies": {
          "TravelRepo.Repository": "[0.1.0, )"
        }
      },
      "travelrepo.merge": {
        "type": "Project",
        "dependencies": {
          "TravelRepo.Repository": "[0.1.0, )"
        }
      },
      "travelrepo.plugins.abstractions": {
        "type": "Project",
        "dependencies": {
          "TravelRepo.Core": "[0.1.0, )"
        }
      },
      "travelrepo.providers.abstractions": {
        "type": "Project",
        "dependencies": {
          "TravelRepo.Core": "[0.1.0, )"
        }
      },
      "travelrepo.providers.github": {
        "type": "Project",
        "dependencies": {
          "TravelRepo.Providers.Abstractions": "[0.1.0, )",
          "TravelRepo.Serialization": "[0.1.0, )"
        }
      },
      "travelrepo.repository": {
        "type": "Project",
        "dependencies": {
          "TravelRepo.Core": "[0.1.0, )",
          "TravelRepo.Serialization": "[0.1.0, )"
        }
      },
      "travelrepo.serialization": {
        "type": "Project",
        "dependencies": {
          "JsonSchema.Net": "[7.3.4, )",
          "TravelRepo.Core": "[0.1.0, )",
          "YamlDotNet": "[16.3.0, )"
        }
      }
    }
  }
}